
Microsoft Visual Studio Solution File, Format Version 12.00
# Visual Studio Version 17
VisualStudioVersion = 17.4.33403.182
MinimumVisualStudioVersion = 10.0.40219.1
Project("{FAE04EC0-301F-11D3-BF4B-00C04F79EFBC}") = "Apache.Arrow.Adbc", "arrow-adbc\csharp\src\Apache.Arrow.Adbc\Apache.Arrow.Adbc.csproj", "{8BFC2CBA-D9B9-C719-0617-59A21A7D7DF9}"
EndProject
Project("{FAE04EC0-301F-11D3-BF4B-00C04F79EFBC}") = "Apache.Arrow.Adbc.Telemetry.Traces.Listeners", "arrow-adbc\csharp\src\Telemetry\Traces\Listeners\Apache.Arrow.Adbc.Telemetry.Traces.Listeners.csproj", "{CE59B9B8-E2D9-68B5-D25D-6CC418E5BE00}"
EndProject
Project("{FAE04EC0-301F-11D3-BF4B-00C04F79EFBC}") = "Apache.Arrow.Adbc.Testing", "arrow-adbc\csharp\test\Apache.Arrow.Adbc.Tests\Apache.Arrow.Adbc.Testing.csproj", "{9C9EDBEB-BAE2-E3C2-BD74-7E34C6AFEE51}"
EndProject
Project("{2150E333-8FDC-42A3-9474-1A3956D46DE8}") = "Dependencies", "Dependencies", "{02EA681E-C7D8-13C7-8484-4AC65E1B71E8}"
EndProject
Project("{FAE04EC0-301F-11D3-BF4B-00C04F79EFBC}") = "Apache.Arrow.Adbc.Client", "arrow-adbc\csharp\src\Client\Apache.Arrow.Adbc.Client.csproj", "{80163E19-0794-37AE-1FA0-FFFA6A2DEC62}"
EndProject
Project("{FAE04EC0-301F-11D3-BF4B-00C04F79EFBC}") = "AdbcDrivers.Snowflake.Interop", "src\Interop\AdbcDrivers.Snowflake.Interop.csproj", "{3750A5D6-4C21-3854-8449-E81F94EA61DA}"
EndProject
Project("{FAE04EC0-301F-11D3-BF4B-00C04F79EFBC}") = "AdbcDrivers.Snowflake.Interop.Tests", "test\Interop\AdbcDrivers.Snowflake.Interop.Tests.csproj", "{7E63DF1C-ED91-B9F3-064F-D6779FE1AC4F}"
EndProject
Project("{2150E333-8FDC-42A3-9474-1A3956D46DE8}") = "src", "src", "{827E0CD3-B72D-47B6-A68D-7590B98EB39B}"
EndProject
Project("{2150E333-8FDC-42A3-9474-1A3956D46DE8}") = "Native", "Native", "{986E768A-9E42-6229-8E82-349DB5D13BDD}"
EndProject
Project("{FAE04EC0-301F-11D3-BF4B-00C04F79EFBC}") = "AdbcDrivers.Snowflake.Native", "src\Native\AdbcDrivers.Snowflake.Native.csproj", "{7554C6D5-B570-401D-859E-ECCA3D6BD25A}"
EndProject
Project("{2150E333-8FDC-42A3-9474-1A3956D46DE8}") = "arrow-adbc", "arrow-adbc", "{45AB3FEB-924A-C851-988A-87ABAB11997D}"
EndProject
Project("{2150E333-8FDC-42A3-9474-1A3956D46DE8}") = "csharp", "csharp", "{9ACB2DA0-B830-C1F3-C056-197E674483FA}"
EndProject
Project("{2150E333-8FDC-42A3-9474-1A3956D46DE8}") = "src", "src", "{4F1E5EC1-6EE6-1D7B-505A-391BAF751AD7}"
EndProject
Project("{2150E333-8FDC-42A3-9474-1A3956D46DE8}") = "Telemetry", "Telemetry", "{1700FFFD-C784-78A7-908D-295E4B610ACC}"
EndProject
Project("{2150E333-8FDC-42A3-9474-1A3956D46DE8}") = "Traces", "Traces", "{C6BED5E2-F50E-08C4-6AA3-A63A7D90914A}"
EndProject
Project("{2150E333-8FDC-42A3-9474-1A3956D46DE8}") = "Listeners", "Listeners", "{DF72358C-055B-E269-359A-D9EB940C529A}"
EndProject
Project("{2150E333-8FDC-42A3-9474-1A3956D46DE8}") = "test", "test", "{0C88DD14-F956-CE84-757C-A364CCF449FC}"
EndProject
Project("{2150E333-8FDC-42A3-9474-1A3956D46DE8}") = "Native", "Native", "{7BEB73B5-2377-DFD3-0252-3311B8DAB980}"
EndProject
Project("{FAE04EC0-301F-11D3-BF4B-00C04F79EFBC}") = "AdbcDrivers.Snowflake.Native.Tests", "test\Native\AdbcDrivers.Snowflake.Native.Tests.csproj", "{3141B3F2-EF05-47FB-BBCA-5FA22AAC6515}"
EndProject
Project("{2150E333-8FDC-42A3-9474-1A3956D46DE8}") = "Client", "Client", "{87D0E9F3-F414-276B-0207-3C61D3B0F16D}"
EndProject
Project("{2150E333-8FDC-42A3-9474-1A3956D46DE8}") = "test", "test", "{BCEF1E2C-1065-9D9E-5DFF-13B37B5C4039}"
EndProject
Project("{2150E333-8FDC-42A3-9474-1A3956D46DE8}") = "Apache.Arrow.Adbc.Tests", "Apache.Arrow.Adbc.Tests", "{008778A9-0383-D574-2DAB-9577620F5E8F}"
EndProject
Global
	GlobalSection(SolutionConfigurationPlatforms) = preSolution
		Debug|Any CPU = Debug|Any CPU
		Debug|x64 = Debug|x64
		Debug|x86 = Debug|x86
		Release|Any CPU = Release|Any CPU
		Release|x64 = Release|x64
		Release|x86 = Release|x86
	EndGlobalSection
	GlobalSection(ProjectConfigurationPlatforms) = postSolution
		{8BFC2CBA-D9B9-C719-0617-59A21A7D7DF9}.Debug|Any CPU.ActiveCfg = Debug|Any CPU
		{8BFC2CBA-D9B9-C719-0617-59A21A7D7DF9}.Debug|Any CPU.Build.0 = Debug|Any CPU
		{8BFC2CBA-D9B9-C719-0617-59A21A7D7DF9}.Debug|x64.ActiveCfg = Debug|Any CPU
		{8BFC2CBA-D9B9-C719-0617-59A21A7D7DF9}.Debug|x64.Build.0 = Debug|Any CPU
		{8BFC2CBA-D9B9-C719-0617-59A21A7D7DF9}.Debug|x86.ActiveCfg = Debug|Any CPU
		{8BFC2CBA-D9B9-C719-0617-59A21A7D7DF9}.Debug|x86.Build.0 = Debug|Any CPU
		{8BFC2CBA-D9B9-C719-0617-59A21A7D7DF9}.Release|Any CPU.ActiveCfg = Release|Any CPU
		{8BFC2CBA-D9B9-C719-0617-59A21A7D7DF9}.Release|Any CPU.Build.0 = Release|Any CPU
		{8BFC2CBA-D9B9-C719-0617-59A21A7D7DF9}.Release|x64.ActiveCfg = Release|Any CPU
		{8BFC2CBA-D9B9-C719-0617-59A21A7D7DF9}.Release|x64.Build.0 = Release|Any CPU
		{8BFC2CBA-D9B9-C719-0617-59A21A7D7DF9}.Release|x86.ActiveCfg = Release|Any CPU
		{8BFC2CBA-D9B9-C719-0617-59A21A7D7DF9}.Release|x86.Build.0 = Release|Any CPU
		{CE59B9B8-E2D9-68B5-D25D-6CC418E5BE00}.Debug|Any CPU.ActiveCfg = Debug|Any CPU
		{CE59B9B8-E2D9-68B5-D25D-6CC418E5BE00}.Debug|Any CPU.Build.0 = Debug|Any CPU
		{CE59B9B8-E2D9-68B5-D25D-6CC418E5BE00}.Debug|x64.ActiveCfg = Debug|Any CPU
		{CE59B9B8-E2D9-68B5-D25D-6CC418E5BE00}.Debug|x64.Build.0 = Debug|Any CPU
		{CE59B9B8-E2D9-68B5-D25D-6CC418E5BE00}.Debug|x86.ActiveCfg = Debug|Any CPU
		{CE59B9B8-E2D9-68B5-D25D-6CC418E5BE00}.Debug|x86.Build.0 = Debug|Any CPU
		{CE59B9B8-E2D9-68B5-D25D-6CC418E5BE00}.Release|Any CPU.ActiveCfg = Release|Any CPU
		{CE59B9B8-E2D9-68B5-D25D-6CC418E5BE00}.Release|Any CPU.Build.0 = Release|Any CPU
		{CE59B9B8-E2D9-68B5-D25D-6CC418E5BE00}.Release|x64.ActiveCfg = Release|Any CPU
		{CE59B9B8-E2D9-68B5-D25D-6CC418E5BE00}.Release|x64.Build.0 = Release|Any CPU
		{CE59B9B8-E2D9-68B5-D25D-6CC418E5BE00}.Release|x86.ActiveCfg = Release|Any CPU
		{CE59B9B8-E2D9-68B5-D25D-6CC418E5BE00}.Release|x86.Build.0 = Release|Any CPU
		{9C9EDBEB-BAE2-E3C2-BD74-7E34C6AFEE51}.Debug|Any CPU.ActiveCfg = Debug|Any CPU
		{9C9EDBEB-BAE2-E3C2-BD74-7E34C6AFEE51}.Debug|Any CPU.Build.0 = Debug|Any CPU
		{9C9EDBEB-BAE2-E3C2-BD74-7E34C6AFEE51}.Debug|x64.ActiveCfg = Debug|Any CPU
		{9C9EDBEB-BAE2-E3C2-BD74-7E34C6AFEE51}.Debug|x64.Build.0 = Debug|Any CPU
		{9C9EDBEB-BAE2-E3C2-BD74-7E34C6AFEE51}.Debug|x86.ActiveCfg = Debug|Any CPU
		{9C9EDBEB-BAE2-E3C2-BD74-7E34C6AFEE51}.Debug|x86.Build.0 = Debug|Any CPU
		{9C9EDBEB-BAE2-E3C2-BD74-7E34C6AFEE51}.Release|Any CPU.ActiveCfg = Release|Any CPU
		{9C9EDBEB-BAE2-E3C2-BD74-7E34C6AFEE51}.Release|Any CPU.Build.0 = Release|Any CPU
		{9C9EDBEB-BAE2-E3C2-BD74-7E34C6AFEE51}.Release|x64.ActiveCfg = Release|Any CPU
		{9C9EDBEB-BAE2-E3C2-BD74-7E34C6AFEE51}.Release|x64.Build.0 = Release|Any CPU
		{9C9EDBEB-BAE2-E3C2-BD74-7E34C6AFEE51}.Release|x86.ActiveCfg = Release|Any CPU
		{9C9EDBEB-BAE2-E3C2-BD74-7E34C6AFEE51}.Release|x86.Build.0 = Release|Any CPU
		{80163E19-0794-37AE-1FA0-FFFA6A2DEC62}.Debug|Any CPU.ActiveCfg = Debug|Any CPU
		{80163E19-0794-37AE-1FA0-FFFA6A2DEC62}.Debug|Any CPU.Build.0 = Debug|Any CPU
		{80163E19-0794-37AE-1FA0-FFFA6A2DEC62}.Debug|x64.ActiveCfg = Debug|Any CPU
		{80163E19-0794-37AE-1FA0-FFFA6A2DEC62}.Debug|x64.Build.0 = Debug|Any CPU
		{80163E19-0794-37AE-1FA0-FFFA6A2DEC62}.Debug|x86.ActiveCfg = Debug|Any CPU
		{80163E19-0794-37AE-1FA0-FFFA6A2DEC62}.Debug|x86.Build.0 = Debug|Any CPU
		{80163E19-0794-37AE-1FA0-FFFA6A2DEC62}.Release|Any CPU.ActiveCfg = Release|Any CPU
		{80163E19-0794-37AE-1FA0-FFFA6A2DEC62}.Release|Any CPU.Build.0 = Release|Any CPU
		{80163E19-0794-37AE-1FA0-FFFA6A2DEC62}.Release|x64.ActiveCfg = Release|Any CPU
		{80163E19-0794-37AE-1FA0-FFFA6A2DEC62}.Release|x64.Build.0 = Release|Any CPU
		{80163E19-0794-37AE-1FA0-FFFA6A2DEC62}.Release|x86.ActiveCfg = Release|Any CPU
		{80163E19-0794-37AE-1FA0-FFFA6A2DEC62}.Release|x86.Build.0 = Release|Any CPU
		{3750A5D6-4C21-3854-8449-E81F94EA61DA}.Debug|Any CPU.ActiveCfg = Debug|Any CPU
		{3750A5D6-4C21-3854-8449-E81F94EA61DA}.Debug|Any CPU.Build.0 = Debug|Any CPU
		{3750A5D6-4C21-3854-8449-E81F94EA61DA}.Debug|x64.ActiveCfg = Debug|Any CPU
		{3750A5D6-4C21-3854-8449-E81F94EA61DA}.Debug|x64.Build.0 = Debug|Any CPU
		{3750A5D6-4C21-3854-8449-E81F94EA61DA}.Debug|x86.ActiveCfg = Debug|Any CPU
		{3750A5D6-4C21-3854-8449-E81F94EA61DA}.Debug|x86.Build.0 = Debug|Any CPU
		{3750A5D6-4C21-3854-8449-E81F94EA61DA}.Release|Any CPU.ActiveCfg = Release|Any CPU
		{3750A5D6-4C21-3854-8449-E81F94EA61DA}.Release|Any CPU.Build.0 = Release|Any CPU
		{3750A5D6-4C21-3854-8449-E81F94EA61DA}.Release|x64.ActiveCfg = Release|Any CPU
		{3750A5D6-4C21-3854-8449-E81F94EA61DA}.Release|x64.Build.0 = Release|Any CPU
		{3750A5D6-4C21-3854-8449-E81F94EA61DA}.Release|x86.ActiveCfg = Release|Any CPU
		{3750A5D6-4C21-3854-8449-E81F94EA61DA}.Release|x86.Build.0 = Release|Any CPU
		{7E63DF1C-ED91-B9F3-064F-D6779FE1AC4F}.Debug|Any CPU.ActiveCfg = Debug|Any CPU
		{7E63DF1C-ED91-B9F3-064F-D6779FE1AC4F}.Debug|Any CPU.Build.0 = Debug|Any CPU
		{7E63DF1C-ED91-B9F3-064F-D6779FE1AC4F}.Debug|x64.ActiveCfg = Debug|Any CPU
		{7E63DF1C-ED91-B9F3-064F-D6779FE1AC4F}.Debug|x64.Build.0 = Debug|Any CPU
		{7E63DF1C-ED91-B9F3-064F-D6779FE1AC4F}.Debug|x86.ActiveCfg = Debug|Any CPU
		{7E63DF1C-ED91-B9F3-064F-D6779FE1AC4F}.Debug|x86.Build.0 = Debug|Any CPU
		{7E63DF1C-ED91-B9F3-064F-D6779FE1AC4F}.Release|Any CPU.ActiveCfg = Release|Any CPU
		{7E63DF1C-ED91-B9F3-064F-D6779FE1AC4F}.Release|Any CPU.Build.0 = Release|Any CPU
		{7E63DF1C-ED91-B9F3-064F-D6779FE1AC4F}.Release|x64.ActiveCfg = Release|Any CPU
		{7E63DF1C-ED91-B9F3-064F-D6779FE1AC4F}.Release|x64.Build.0 = Release|Any CPU
		{7E63DF1C-ED91-B9F3-064F-D6779FE1AC4F}.Release|x86.ActiveCfg = Release|Any CPU
		{7E63DF1C-ED91-B9F3-064F-D6779FE1AC4F}.Release|x86.Build.0 = Release|Any CPU
		{7554C6D5-B570-401D-859E-ECCA3D6BD25A}.Debug|Any CPU.ActiveCfg = Debug|Any CPU
		{7554C6D5-B570-401D-859E-ECCA3D6BD25A}.Debug|Any CPU.Build.0 = Debug|Any CPU
		{7554C6D5-B570-401D-859E-ECCA3D6BD25A}.Debug|x64.ActiveCfg = Debug|Any CPU
		{7554C6D5-B570-401D-859E-ECCA3D6BD25A}.Debug|x64.Build.0 = Debug|Any CPU
		{7554C6D5-B570-401D-859E-ECCA3D6BD25A}.Debug|x86.ActiveCfg = Debug|Any CPU
		{7554C6D5-B570-401D-859E-ECCA3D6BD25A}.Debug|x86.Build.0 = Debug|Any CPU
		{7554C6D5-B570-401D-859E-ECCA3D6BD25A}.Release|Any CPU.ActiveCfg = Release|Any CPU
		{7554C6D5-B570-401D-859E-ECCA3D6BD25A}.Release|Any CPU.Build.0 = Release|Any CPU
		{7554C6D5-B570-401D-859E-ECCA3D6BD25A}.Release|x64.ActiveCfg = Release|Any CPU
		{7554C6D5-B570-401D-859E-ECCA3D6BD25A}.Release|x64.Build.0 = Release|Any CPU
		{7554C6D5-B570-401D-859E-ECCA3D6BD25A}.Release|x86.ActiveCfg = Release|Any CPU
		{7554C6D5-B570-401D-859E-ECCA3D6BD25A}.Release|x86.Build.0 = Release|Any CPU
		{3141B3F2-EF05-47FB-BBCA-5FA22AAC6515}.Debug|Any CPU.ActiveCfg = Debug|Any CPU
		{3141B3F2-EF05-47FB-BBCA-5FA22AAC6515}.Debug|Any CPU.Build.0 = Debug|Any CPU
		{3141B3F2-EF05-47FB-BBCA-5FA22AAC6515}.Debug|x64.ActiveCfg = Debug|Any CPU
		{3141B3F2-EF05-47FB-BBCA-5FA22AAC6515}.Debug|x64.Build.0 = Debug|Any CPU
		{3141B3F2-EF05-47FB-BBCA-5FA22AAC6515}.Debug|x86.ActiveCfg = Debug|Any CPU
		{3141B3F2-EF05-47FB-BBCA-5FA22AAC6515}.Debug|x86.Build.0 = Debug|Any CPU
		{3141B3F2-EF05-47FB-BBCA-5FA22AAC6515}.Release|Any CPU.ActiveCfg = Release|Any CPU
		{3141B3F2-EF05-47FB-BBCA-5FA22AAC6515}.Release|Any CPU.Build.0 = Release|Any CPU
		{3141B3F2-EF05-47FB-BBCA-5FA22AAC6515}.Release|x64.ActiveCfg = Release|Any CPU
		{3141B3F2-EF05-47FB-BBCA-5FA22AAC6515}.Release|x64.Build.0 = Release|Any CPU
		{3141B3F2-EF05-47FB-BBCA-5FA22AAC6515}.Release|x86.ActiveCfg = Release|Any CPU
		{3141B3F2-EF05-47FB-BBCA-5FA22AAC6515}.Release|x86.Build.0 = Release|Any CPU
	EndGlobalSection
	GlobalSection(SolutionProperties) = preSolution
		HideSolutionNode = FALSE
	EndGlobalSection
	GlobalSection(NestedProjects) = preSolution
		{8BFC2CBA-D9B9-C719-0617-59A21A7D7DF9} = {02EA681E-C7D8-13C7-8484-4AC65E1B71E8}
		{CE59B9B8-E2D9-68B5-D25D-6CC418E5BE00} = {02EA681E-C7D8-13C7-8484-4AC65E1B71E8}
		{9C9EDBEB-BAE2-E3C2-BD74-7E34C6AFEE51} = {02EA681E-C7D8-13C7-8484-4AC65E1B71E8}
		{80163E19-0794-37AE-1FA0-FFFA6A2DEC62} = {02EA681E-C7D8-13C7-8484-4AC65E1B71E8}
		{986E768A-9E42-6229-8E82-349DB5D13BDD} = {827E0CD3-B72D-47B6-A68D-7590B98EB39B}
		{7554C6D5-B570-401D-859E-ECCA3D6BD25A} = {986E768A-9E42-6229-8E82-349DB5D13BDD}
		{9ACB2DA0-B830-C1F3-C056-197E674483FA} = {45AB3FEB-924A-C851-988A-87ABAB11997D}
		{4F1E5EC1-6EE6-1D7B-505A-391BAF751AD7} = {9ACB2DA0-B830-C1F3-C056-197E674483FA}
		{1700FFFD-C784-78A7-908D-295E4B610ACC} = {4F1E5EC1-6EE6-1D7B-505A-391BAF751AD7}
		{C6BED5E2-F50E-08C4-6AA3-A63A7D90914A} = {1700FFFD-C784-78A7-908D-295E4B610ACC}
		{DF72358C-055B-E269-359A-D9EB940C529A} = {C6BED5E2-F50E-08C4-6AA3-A63A7D90914A}
		{7BEB73B5-2377-DFD3-0252-3311B8DAB980} = {0C88DD14-F956-CE84-757C-A364CCF449FC}
		{3141B3F2-EF05-47FB-BBCA-5FA22AAC6515} = {7BEB73B5-2377-DFD3-0252-3311B8DAB980}
		{87D0E9F3-F414-276B-0207-3C61D3B0F16D} = {4F1E5EC1-6EE6-1D7B-505A-391BAF751AD7}
		{BCEF1E2C-1065-9D9E-5DFF-13B37B5C4039} = {9ACB2DA0-B830-C1F3-C056-197E674483FA}
		{008778A9-0383-D574-2DAB-9577620F5E8F} = {BCEF1E2C-1065-9D9E-5DFF-13B37B5C4039}
	EndGlobalSection
	GlobalSection(ExtensibilityGlobals) = postSolution
		SolutionGuid = {4795CF16-0FDB-4BE0-9768-5CF31564DC03}
	EndGlobalSection
EndGlobal
